
Microsoft Visual Studio Solution File, Format Version 12.00
# Visual Studio Version 16
VisualStudioVersion = 16.0.30330.147
MinimumVisualStudioVersion = 10.0.40219.1
Project("{FAE04EC0-301F-11D3-BF4B-00C04F79EFBC}") = "TestGoogle", "TestTrademe\TestGoogle.csproj", "{E219BDCE-1C90-4D5B-AD4A-8E4EC7857834}"
EndProject
Project("{FAE04EC0-301F-11D3-BF4B-00C04F79EFBC}") = "webtest", "UnitTestProject\webtest.csproj", "{15C44DA5-249E-4B5F-A7AF-FCF0E36543BA}"
EndProject
Global
	GlobalSection(SolutionConfigurationPlatforms) = preSolution
		Debug|Any CPU = Debug|Any CPU
		Release|Any CPU = Release|Any CPU
	EndGlobalSection
	GlobalSection(ProjectConfigurationPlatforms) = postSolution
		{E219BDCE-1C90-4D5B-AD4A-8E4EC7857834}.Debug|Any CPU.ActiveCfg = Debug|Any CPU
		{E219BDCE-1C90-4D5B-AD4A-8E4EC7857834}.Debug|Any CPU.Build.0 = Debug|Any CPU
		{E219BDCE-1C90-4D5B-AD4A-8E4EC7857834}.Release|Any CPU.ActiveCfg = Release|Any CPU
		{E219BDCE-1C90-4D5B-AD4A-8E4EC7857834}.Release|Any CPU.Build.0 = Release|Any CPU
		{15C44DA5-249E-4B5F-A7AF-FCF0E36543BA}.Debug|Any CPU.ActiveCfg = Debug|Any CPU
		{15C44DA5-249E-4B5F-A7AF-FCF0E36543BA}.Debug|Any CPU.Build.0 = Debug|Any CPU
		{15C44DA5-249E-4B5F-A7AF-FCF0E36543BA}.Release|Any CPU.ActiveCfg = Release|Any CPU
		{15C44DA5-249E-4B5F-A7AF-FCF0E36543BA}.Release|Any CPU.Build.0 = Release|Any CPU
	EndGlobalSection
	GlobalSection(SolutionProperties) = preSolution
		HideSolutionNode = FALSE
	EndGlobalSection
	GlobalSection(ExtensibilityGlobals) = postSolution
		SolutionGuid = {DD9858AB-0B60-404A-A4BC-A65D6D814723}
	EndGlobalSection
EndGlobal
